# THIS IS AN AUTOGENERATED FILE. DO NOT EDIT THIS FILE DIRECTLY.
# yarn lockfile v1


"@hazae41/berith@^1.2.6":
  version "1.2.6"
  resolved "https://registry.yarnpkg.com/@hazae41/berith/-/berith-1.2.6.tgz#b0a362c7556e51f6bb25b10f118bbe7c3553cdfa"
  integrity sha512-TQLkisoolGD2kdSQVtTVXNwmsotA9dLmUgXcpHTNzssmN11Mp+vHVf4Myn3+Q4U18Na3UzGi6DZqogZFqjPPvg==
  dependencies:
    "@hazae41/box" "^1.0.5"

"@hazae41/box@^1.0.5":
  version "1.0.14"
  resolved "https://registry.yarnpkg.com/@hazae41/box/-/box-1.0.14.tgz#1477006bfbf2bd8984c49cf9bef43f9cc0f8c2c3"
  integrity sha512-RevIMZBVRmp0BDkpBpL77sr3Rk7XdqzBZcw+UsfUT4JAly/sryM/NDzJa80sMyO6aERJkjHUQaxH5DYDznPhkw==
  dependencies:
    "@hazae41/result" "^1.1.11"

"@hazae41/option@^1.0.27":
  version "1.0.27"
  resolved "https://registry.yarnpkg.com/@hazae41/option/-/option-1.0.27.tgz#e06cf2be5219b37408e800b5ec811ca849e5aef3"
  integrity sha512-5hD+XtEwLAx54Z93alEa2B8ZurVs/HqZolc6C4OI3gJbaSmnypo0o5b8QSB98O8lcPwypa+8YcQtWffTF2J2mw==
  dependencies:
    "@hazae41/result" "^1.1.9"

"@hazae41/result@^1.1.11", "@hazae41/result@^1.1.9":
  version "1.1.12"
  resolved "https://registry.yarnpkg.com/@hazae41/result/-/result-1.1.12.tgz#3b80edfcee706adf39583c1e0baf9dca808a7319"
  integrity sha512-UpbOL30LmEyUXbrp2+Ndhd0n4iw5bSloOWyMdpXZiKxuooT0Ga4Go30ZcETAlF1gb7G9ZmRdC1KoYkM2WVn7+w==
  dependencies:
    "@hazae41/option" "^1.0.27"

"@noble/ciphers@^0.1.3":
  version "0.1.4"
  resolved "https://registry.yarnpkg.com/@noble/ciphers/-/ciphers-0.1.4.tgz#96327dca147829ed9eee0d96cfdf7c57915765f0"
  integrity sha512-d3ZR8vGSpy3v/nllS+bD/OMN5UZqusWiQqkyj7AwzTnhXFH72pF5oB4Ach6DQ50g5kXxC28LdaYBEpsyv9KOUQ==

"@scure/base@^1.1.1":
  version "1.1.3"
  resolved "https://registry.yarnpkg.com/@scure/base/-/base-1.1.3.tgz#8584115565228290a6c6c4961973e0903bb3df2f"
  integrity sha512-/+SgoRjLq7Xlf0CWuLHq2LUZeL/w65kfzAPG5NH9pcmBhs+nunQTn4gvdwgMTIXnt9b2C/1SeL2XiysZEyIC9Q==

cojson@^0.6.2:
  version "0.6.2"
  resolved "https://registry.yarnpkg.com/cojson/-/cojson-0.6.2.tgz#82ccb920a48b1451a347e92d708059ba49144eca"
  integrity sha512-8/G9U7fENF3g+LQS+XmRb4REvAUhXnejelmaGDXPeApZQTAqlvitQqJz7kZtRamOwXxRR/65xJlvmQ0PdVo2YA==
  dependencies:
    "@hazae41/berith" "^1.2.6"
    "@noble/ciphers" "^0.1.3"
    "@scure/base" "^1.1.1"
    hash-wasm "^4.9.0"
    isomorphic-streams "https://github.com/sgwilym/isomorphic-streams.git#aa9394781bfc92f8d7c981be7daf8af4b4cd4fae"

hash-wasm@^4.9.0:
  version "4.9.0"
  resolved "https://registry.yarnpkg.com/hash-wasm/-/hash-wasm-4.9.0.tgz#7e9dcc9f7d6bd0cc802f2a58f24edce999744206"
  integrity sha512-7SW7ejyfnRxuOc7ptQHSf4LDoZaWOivfzqw+5rpcQku0nHfmicPKE51ra9BiRLAmT8+gGLestr1XroUkqdjL6w==

"isomorphic-streams@git+https://github.com/sgwilym/isomorphic-streams.git#aa9394781bfc92f8d7c981be7daf8af4b4cd4fae":
  version "1.0.3"
  resolved "git+https://github.com/sgwilym/isomorphic-streams.git#aa9394781bfc92f8d7c981be7daf8af4b4cd4fae"
